{
  "object": {
    "pins": [
      {
        "package": "BxObjC",
        "repositoryURL": "https://github.com/ByteriX/BxObjC.git",
        "state": {
          "branch": "master",
          "revision": "b64a52271414c5e4e486ce402d22b54caef5c5f3",
          "version": null
        }
      },
      {
        "package": "BxTextField",
        "repositoryURL": "https://github.com/ByteriX/BxTextField.git",
        "state": {
          "branch": null,
          "revision": "44754e3528d84046c17aa8430b888417b25481c1",
          "version": "1.12.4"
        }
      }
    ]
  },
  "version": 1
}
