{
  "object": {
    "pins": [
      {
        "package": "BxObjC",
        "repositoryURL": "https://github.com/ByteriX/BxObjC.git",
        "state": {
          "branch": "master",
          "revision": "f42b739d143074d67c97fc2565311298d0f1d8aa",
          "version": null
        }
      },
      {
        "package": "BxTextField",
        "repositoryURL": "https://github.com/ByteriX/BxTextField.git",
        "state": {
          "branch": null,
          "revision": "44754e3528d84046c17aa8430b888417b25481c1",
          "version": "1.12.4"
        }
      }
    ]
  },
  "version": 1
}
