PODS:
  - BxObjC/Common (1.1.19)
  - BxObjC/Data (1.1.19):
    - BxObjC/Common
    - XMLDictionary (= 1.4)
  - BxObjC/Vcl (1.1.19):
    - BxObjC/Common
    - BxObjC/Data
  - BxTextField (1.1.2)
  - XMLDictionary (1.4)

DEPENDENCIES:
  - BxObjC/Vcl
  - BxTextField

SPEC CHECKSUMS:
  BxObjC: 07e11658faf742c6d982a9117e003f776af27d95
  BxTextField: 87830c8805875f47f7c81eb8c3b7888ffde68e50
  XMLDictionary: f9f51601ba76678b594ab485f2b00ec1fed23724

PODFILE CHECKSUM: a9fa29c70569f08fd7b37217a6d0211770509924

COCOAPODS: 1.2.0
