// !$*UTF8*$!
{
	archiveVersion = 1;
	classes = {
	};
	objectVersion = 46;
	objects = {

/* Begin PBXBuildFile section */
		0B0240F32D7035DFA339DE59 /* Pods_BxInputController.framework in Frameworks */ = {isa = PBXBuildFile; fileRef = EDE3CA360A31AF4DA9BAFDDB /* Pods_BxInputController.framework */; };
		F90EE7A11E6DCCC3006A506C /* BxInputSwitchRowBinder.swift in Sources */ = {isa = PBXBuildFile; fileRef = F90EE7A01E6DCCC3006A506C /* BxInputSwitchRowBinder.swift */; };
		F90EE7A71E6DD752006A506C /* BxInputRateRowBinder.swift in Sources */ = {isa = PBXBuildFile; fileRef = F90EE7A61E6DD752006A506C /* BxInputRateRowBinder.swift */; };
		F90EE7A91E6DD8C5006A506C /* BxInputChildSelectorDateRowBinder.swift in Sources */ = {isa = PBXBuildFile; fileRef = F90EE7A81E6DD8C5006A506C /* BxInputChildSelectorDateRowBinder.swift */; };
		F92183DE1E23AB21002E1781 /* AppDelegate.swift in Sources */ = {isa = PBXBuildFile; fileRef = F92183D41E23AB21002E1781 /* AppDelegate.swift */; };
		F92183DF1E23AB21002E1781 /* CommonController.swift in Sources */ = {isa = PBXBuildFile; fileRef = F92183D61E23AB21002E1781 /* CommonController.swift */; };
		F92183EC1E23AFB9002E1781 /* Assets.xcassets in Resources */ = {isa = PBXBuildFile; fileRef = F92183E61E23AFB9002E1781 /* Assets.xcassets */; };
		F92183ED1E23AFB9002E1781 /* LaunchScreen.storyboard in Resources */ = {isa = PBXBuildFile; fileRef = F92183E71E23AFB9002E1781 /* LaunchScreen.storyboard */; };
		F92183EE1E23AFB9002E1781 /* Main.storyboard in Resources */ = {isa = PBXBuildFile; fileRef = F92183E91E23AFB9002E1781 /* Main.storyboard */; };
		F9337C431E6811D5002134C2 /* LICENSE in Resources */ = {isa = PBXBuildFile; fileRef = F92861631E2A9D4A00B50369 /* LICENSE */; };
		F933F5A41E7BB77A00FB1E22 /* BxInputActionCustomRowBinder.swift in Sources */ = {isa = PBXBuildFile; fileRef = F933F5A31E7BB77A00FB1E22 /* BxInputActionCustomRowBinder.swift */; };
		F933F5A61E7BBFD400FB1E22 /* BxInputCheckRowBinder.swift in Sources */ = {isa = PBXBuildFile; fileRef = F933F5A51E7BBFD400FB1E22 /* BxInputCheckRowBinder.swift */; };
		F933F5A81E7BC1E000FB1E22 /* BxInputDateRowBinder.swift in Sources */ = {isa = PBXBuildFile; fileRef = F933F5A71E7BC1E000FB1E22 /* BxInputDateRowBinder.swift */; };
		F933F5AA1E7BC81300FB1E22 /* BxInputTextRowBinder.swift in Sources */ = {isa = PBXBuildFile; fileRef = F933F5A91E7BC81300FB1E22 /* BxInputTextRowBinder.swift */; };
		F933F5AC1E7BCB3000FB1E22 /* BxInputVariantsRowBinder.swift in Sources */ = {isa = PBXBuildFile; fileRef = F933F5AB1E7BCB3000FB1E22 /* BxInputVariantsRowBinder.swift */; };
		F933F5B61E7BD01200FB1E22 /* BxInputChildSelectorRowBinder.swift in Sources */ = {isa = PBXBuildFile; fileRef = F933F5AE1E7BD01200FB1E22 /* BxInputChildSelectorRowBinder.swift */; };
		F933F5B71E7BD01200FB1E22 /* BxInputSelectorCell.swift in Sources */ = {isa = PBXBuildFile; fileRef = F933F5AF1E7BD01200FB1E22 /* BxInputSelectorCell.swift */; };
		F933F5B81E7BD01200FB1E22 /* BxInputSelectorCell.xib in Resources */ = {isa = PBXBuildFile; fileRef = F933F5B01E7BD01200FB1E22 /* BxInputSelectorCell.xib */; };
		F933F5B91E7BD01200FB1E22 /* BxInputSelectorRowBinder.swift in Sources */ = {isa = PBXBuildFile; fileRef = F933F5B11E7BD01200FB1E22 /* BxInputSelectorRowBinder.swift */; };
		F933F5BA1E7BD01200FB1E22 /* BxInputStandartTextCell.swift in Sources */ = {isa = PBXBuildFile; fileRef = F933F5B31E7BD01200FB1E22 /* BxInputStandartTextCell.swift */; };
		F933F5BB1E7BD01200FB1E22 /* BxInputStandartTextCell.xib in Resources */ = {isa = PBXBuildFile; fileRef = F933F5B41E7BD01200FB1E22 /* BxInputStandartTextCell.xib */; };
		F933F5BC1E7BD01200FB1E22 /* BxInputStandartTextRowBinder.swift in Sources */ = {isa = PBXBuildFile; fileRef = F933F5B51E7BD01200FB1E22 /* BxInputStandartTextRowBinder.swift */; };
		F933F5C01E7BD97C00FB1E22 /* BxInputSelectorDateRowBinder.swift in Sources */ = {isa = PBXBuildFile; fileRef = F933F5BF1E7BD97C00FB1E22 /* BxInputSelectorDateRowBinder.swift */; };
		F933F5C21E7BDE3F00FB1E22 /* BxInputSelectorTextRowBinder.swift in Sources */ = {isa = PBXBuildFile; fileRef = F933F5C11E7BDE3F00FB1E22 /* BxInputSelectorTextRowBinder.swift */; };
		F96D1F781E5463AC00BDB2CE /* BxInputActionCustomRow.swift in Sources */ = {isa = PBXBuildFile; fileRef = F96D1F461E5463AC00BDB2CE /* BxInputActionCustomRow.swift */; };
		F96D1F791E5463AC00BDB2CE /* BxInputActionRow.swift in Sources */ = {isa = PBXBuildFile; fileRef = F96D1F471E5463AC00BDB2CE /* BxInputActionRow.swift */; };
		F96D1F7A1E5463AC00BDB2CE /* BxInputCheckRow.swift in Sources */ = {isa = PBXBuildFile; fileRef = F96D1F4A1E5463AC00BDB2CE /* BxInputCheckRow.swift */; };
		F96D1F7B1E5463AC00BDB2CE /* BxInputSwitchRow.swift in Sources */ = {isa = PBXBuildFile; fileRef = F96D1F4B1E5463AC00BDB2CE /* BxInputSwitchRow.swift */; };
		F96D1F7C1E5463AC00BDB2CE /* BxInputDateRow.swift in Sources */ = {isa = PBXBuildFile; fileRef = F96D1F4E1E5463AC00BDB2CE /* BxInputDateRow.swift */; };
		F96D1F7D1E5463AC00BDB2CE /* BxInputSelectorDateRow.swift in Sources */ = {isa = PBXBuildFile; fileRef = F96D1F4F1E5463AC00BDB2CE /* BxInputSelectorDateRow.swift */; };
		F96D1F7E1E5463AC00BDB2CE /* BxInputChildSelectorDateCell.swift in Sources */ = {isa = PBXBuildFile; fileRef = F96D1F511E5463AC00BDB2CE /* BxInputChildSelectorDateCell.swift */; };
		F96D1F7F1E5463AC00BDB2CE /* BxInputChildSelectorDateCell.xib in Resources */ = {isa = PBXBuildFile; fileRef = F96D1F521E5463AC00BDB2CE /* BxInputChildSelectorDateCell.xib */; };
		F96D1F801E5463AC00BDB2CE /* BxInputSelectorPicturesRow.swift in Sources */ = {isa = PBXBuildFile; fileRef = F96D1F541E5463AC00BDB2CE /* BxInputSelectorPicturesRow.swift */; };
		F96D1F811E5463AC00BDB2CE /* BxInputPictureImageItem.swift in Sources */ = {isa = PBXBuildFile; fileRef = F96D1F561E5463AC00BDB2CE /* BxInputPictureImageItem.swift */; };
		F96D1F821E5463AC00BDB2CE /* BxInputPictureItem.swift in Sources */ = {isa = PBXBuildFile; fileRef = F96D1F571E5463AC00BDB2CE /* BxInputPictureItem.swift */; };
		F96D1F831E5463AC00BDB2CE /* BxInputPictureLibraryItem.swift in Sources */ = {isa = PBXBuildFile; fileRef = F96D1F581E5463AC00BDB2CE /* BxInputPictureLibraryItem.swift */; };
		F96D1F841E5463AC00BDB2CE /* BxInputPictureCollectionCell.swift in Sources */ = {isa = PBXBuildFile; fileRef = F96D1F5A1E5463AC00BDB2CE /* BxInputPictureCollectionCell.swift */; };
		F96D1F851E5463AC00BDB2CE /* BxInputSelectorPicturesCell.swift in Sources */ = {isa = PBXBuildFile; fileRef = F96D1F5B1E5463AC00BDB2CE /* BxInputSelectorPicturesCell.swift */; };
		F96D1F861E5463AC00BDB2CE /* BxInputSelectorPicturesCell.xib in Resources */ = {isa = PBXBuildFile; fileRef = F96D1F5C1E5463AC00BDB2CE /* BxInputSelectorPicturesCell.xib */; };
		F96D1F871E5463AC00BDB2CE /* BxInputSelectorPicturesLibraryDataSource.swift in Sources */ = {isa = PBXBuildFile; fileRef = F96D1F5D1E5463AC00BDB2CE /* BxInputSelectorPicturesLibraryDataSource.swift */; };
		F96D1F881E5463AC00BDB2CE /* BxInputSelectorPictureView.swift in Sources */ = {isa = PBXBuildFile; fileRef = F96D1F5E1E5463AC00BDB2CE /* BxInputSelectorPictureView.swift */; };
		F96D1F891E5463AC00BDB2CE /* BxInputRateRow.swift in Sources */ = {isa = PBXBuildFile; fileRef = F96D1F601E5463AC00BDB2CE /* BxInputRateRow.swift */; };
		F96D1F8A1E5463AC00BDB2CE /* BxInputRateCell.swift in Sources */ = {isa = PBXBuildFile; fileRef = F96D1F621E5463AC00BDB2CE /* BxInputRateCell.swift */; };
		F96D1F8B1E5463AC00BDB2CE /* BxInputRateCell.xib in Resources */ = {isa = PBXBuildFile; fileRef = F96D1F631E5463AC00BDB2CE /* BxInputRateCell.xib */; };
		F96D1F8C1E5463AC00BDB2CE /* BxInputSelectorSuggestionsItemRow.swift in Sources */ = {isa = PBXBuildFile; fileRef = F96D1F651E5463AC00BDB2CE /* BxInputSelectorSuggestionsItemRow.swift */; };
		F96D1F8D1E5463AC00BDB2CE /* BxInputSelectorSuggestionsRow.swift in Sources */ = {isa = PBXBuildFile; fileRef = F96D1F661E5463AC00BDB2CE /* BxInputSelectorSuggestionsRow.swift */; };
		F96D1F8E1E5463AC00BDB2CE /* BxInputSelectorSuggestionCell.swift in Sources */ = {isa = PBXBuildFile; fileRef = F96D1F681E5463AC00BDB2CE /* BxInputSelectorSuggestionCell.swift */; };
		F96D1F8F1E5463AC00BDB2CE /* BxInputSelectorSuggestionCell.xib in Resources */ = {isa = PBXBuildFile; fileRef = F96D1F691E5463AC00BDB2CE /* BxInputSelectorSuggestionCell.xib */; };
		F96D1F901E5463AC00BDB2CE /* BxInputSelectorTextRow.swift in Sources */ = {isa = PBXBuildFile; fileRef = F96D1F6B1E5463AC00BDB2CE /* BxInputSelectorTextRow.swift */; };
		F96D1F911E5463AC00BDB2CE /* BxInputTextRow.swift in Sources */ = {isa = PBXBuildFile; fileRef = F96D1F6C1E5463AC00BDB2CE /* BxInputTextRow.swift */; };
		F96D1F921E5463AC00BDB2CE /* BxInputChildSelectorTextCell.swift in Sources */ = {isa = PBXBuildFile; fileRef = F96D1F6E1E5463AC00BDB2CE /* BxInputChildSelectorTextCell.swift */; };
		F96D1F931E5463AC00BDB2CE /* BxInputChildSelectorTextCell.xib in Resources */ = {isa = PBXBuildFile; fileRef = F96D1F6F1E5463AC00BDB2CE /* BxInputChildSelectorTextCell.xib */; };
		F96D1F941E5463AC00BDB2CE /* BxInputSelectorVariantsRow.swift in Sources */ = {isa = PBXBuildFile; fileRef = F96D1F711E5463AC00BDB2CE /* BxInputSelectorVariantsRow.swift */; };
		F96D1F951E5463AC00BDB2CE /* BxInputVariants.swift in Sources */ = {isa = PBXBuildFile; fileRef = F96D1F721E5463AC00BDB2CE /* BxInputVariants.swift */; };
		F96D1F961E5463AC00BDB2CE /* BxInputVariantsItem.swift in Sources */ = {isa = PBXBuildFile; fileRef = F96D1F731E5463AC00BDB2CE /* BxInputVariantsItem.swift */; };
		F96D1F971E5463AC00BDB2CE /* BxInputVariantsRow.swift in Sources */ = {isa = PBXBuildFile; fileRef = F96D1F741E5463AC00BDB2CE /* BxInputVariantsRow.swift */; };
		F96D1F981E5463AC00BDB2CE /* BxInputSelectorVariantsCell.swift in Sources */ = {isa = PBXBuildFile; fileRef = F96D1F761E5463AC00BDB2CE /* BxInputSelectorVariantsCell.swift */; };
		F96D1F991E5463AC00BDB2CE /* BxInputSelectorVariantsCell.xib in Resources */ = {isa = PBXBuildFile; fileRef = F96D1F771E5463AC00BDB2CE /* BxInputSelectorVariantsCell.xib */; };
		F96D1F9B1E54753C00BDB2CE /* SimpleAllRowsController.swift in Sources */ = {isa = PBXBuildFile; fileRef = F96D1F9A1E54753C00BDB2CE /* SimpleAllRowsController.swift */; };
		F96D1F9E1E54859300BDB2CE /* BxInputSwitchCell.swift in Sources */ = {isa = PBXBuildFile; fileRef = F96D1F9C1E54859300BDB2CE /* BxInputSwitchCell.swift */; };
		F96D1F9F1E54859300BDB2CE /* BxInputSwitchCell.xib in Resources */ = {isa = PBXBuildFile; fileRef = F96D1F9D1E54859300BDB2CE /* BxInputSwitchCell.xib */; };
		F9847E741E279815007C26EC /* SelectionController.swift in Sources */ = {isa = PBXBuildFile; fileRef = F9847E731E279815007C26EC /* SelectionController.swift */; };
		F9847E781E279B60007C26EC /* Assets.xcassets in Resources */ = {isa = PBXBuildFile; fileRef = F9847E771E279B60007C26EC /* Assets.xcassets */; };
		F993083C1E430C9A00EDA3BD /* ReviewController.swift in Sources */ = {isa = PBXBuildFile; fileRef = F993083B1E430C9A00EDA3BD /* ReviewController.swift */; };
		F99D888B1E6DDB2A003E591B /* BxInputSelectorSuggestionRowBinder.swift in Sources */ = {isa = PBXBuildFile; fileRef = F99D888A1E6DDB2A003E591B /* BxInputSelectorSuggestionRowBinder.swift */; };
		F99D888D1E6DDCA0003E591B /* BxInputSelectorVariantsRowBinder.swift in Sources */ = {isa = PBXBuildFile; fileRef = F99D888C1E6DDCA0003E591B /* BxInputSelectorVariantsRowBinder.swift */; };
		F99D888F1E6DDE66003E591B /* BxInputChildSelectorTextRowBinder.swift in Sources */ = {isa = PBXBuildFile; fileRef = F99D888E1E6DDE66003E591B /* BxInputChildSelectorTextRowBinder.swift */; };
		F99D88911E6DDFF0003E591B /* BxInputSelectorPicturesRowBinder.swift in Sources */ = {isa = PBXBuildFile; fileRef = F99D88901E6DDFF0003E591B /* BxInputSelectorPicturesRowBinder.swift */; };
		F9E786FD1E52F6F800341996 /* BxInputRow.swift in Sources */ = {isa = PBXBuildFile; fileRef = F9E786A91E52F6F800341996 /* BxInputRow.swift */; };
		F9E786FE1E52F6F800341996 /* BxInputSelectorRow.swift in Sources */ = {isa = PBXBuildFile; fileRef = F9E786AA1E52F6F800341996 /* BxInputSelectorRow.swift */; };
		F9E786FF1E52F6F800341996 /* BxInputStaticHeight.swift in Sources */ = {isa = PBXBuildFile; fileRef = F9E786AB1E52F6F800341996 /* BxInputStaticHeight.swift */; };
		F9E787001E52F6F800341996 /* BxInputString.swift in Sources */ = {isa = PBXBuildFile; fileRef = F9E786AC1E52F6F800341996 /* BxInputString.swift */; };
		F9E787011E52F6F800341996 /* BxInputStringRow.swift in Sources */ = {isa = PBXBuildFile; fileRef = F9E786AD1E52F6F800341996 /* BxInputStringRow.swift */; };
		F9E787071E52F6F800341996 /* BxInputController+InputAccessoryView.swift in Sources */ = {isa = PBXBuildFile; fileRef = F9E786B51E52F6F800341996 /* BxInputController+InputAccessoryView.swift */; };
		F9E787081E52F6F800341996 /* BxInputController+Keyboard.swift in Sources */ = {isa = PBXBuildFile; fileRef = F9E786B61E52F6F800341996 /* BxInputController+Keyboard.swift */; };
		F9E787091E52F6F800341996 /* BxInputController+UITableViewDataSource.swift in Sources */ = {isa = PBXBuildFile; fileRef = F9E786B71E52F6F800341996 /* BxInputController+UITableViewDataSource.swift */; };
		F9E7870A1E52F6F800341996 /* BxInputController+UITableViewDelegate.swift in Sources */ = {isa = PBXBuildFile; fileRef = F9E786B81E52F6F800341996 /* BxInputController+UITableViewDelegate.swift */; };
		F9E7870B1E52F6F800341996 /* BxInputController.swift in Sources */ = {isa = PBXBuildFile; fileRef = F9E786B91E52F6F800341996 /* BxInputController.swift */; };
		F9E7870C1E52F6F800341996 /* BxInputSettings.swift in Sources */ = {isa = PBXBuildFile; fileRef = F9E786BA1E52F6F800341996 /* BxInputSettings.swift */; };
		F9E7870D1E52F6F800341996 /* Formatter.swift in Sources */ = {isa = PBXBuildFile; fileRef = F9E786BC1E52F6F800341996 /* Formatter.swift */; };
		F9E7870E1E52F6F800341996 /* UIImage.swift in Sources */ = {isa = PBXBuildFile; fileRef = F9E786BD1E52F6F800341996 /* UIImage.swift */; };
		F9E7872F1E52F6F800341996 /* BxInputSection.swift in Sources */ = {isa = PBXBuildFile; fileRef = F9E786F01E52F6F800341996 /* BxInputSection.swift */; };
		F9E787301E52F6F800341996 /* BxInputSectionContent.swift in Sources */ = {isa = PBXBuildFile; fileRef = F9E786F11E52F6F800341996 /* BxInputSectionContent.swift */; };
		F9E787311E52F6F800341996 /* BxInputSectionStringFooter.swift in Sources */ = {isa = PBXBuildFile; fileRef = F9E786F21E52F6F800341996 /* BxInputSectionStringFooter.swift */; };
		F9E787321E52F6F800341996 /* BxInputSectionStringHeader.swift in Sources */ = {isa = PBXBuildFile; fileRef = F9E786F31E52F6F800341996 /* BxInputSectionStringHeader.swift */; };
		F9E787331E52F6F800341996 /* BxInputSectionView.swift in Sources */ = {isa = PBXBuildFile; fileRef = F9E786F41E52F6F800341996 /* BxInputSectionView.swift */; };
		F9E787341E52F6F800341996 /* BxInputEmptyHeaderFooterView.swift in Sources */ = {isa = PBXBuildFile; fileRef = F9E786F61E52F6F800341996 /* BxInputEmptyHeaderFooterView.swift */; };
		F9E787351E52F6F800341996 /* BxInputEmptyHeaderFooterView.xib in Resources */ = {isa = PBXBuildFile; fileRef = F9E786F71E52F6F800341996 /* BxInputEmptyHeaderFooterView.xib */; };
		F9E787361E52F6F800341996 /* BxInputTextFooterView.swift in Sources */ = {isa = PBXBuildFile; fileRef = F9E786F81E52F6F800341996 /* BxInputTextFooterView.swift */; };
		F9E787371E52F6F800341996 /* BxInputTextFooterView.xib in Resources */ = {isa = PBXBuildFile; fileRef = F9E786F91E52F6F800341996 /* BxInputTextFooterView.xib */; };
		F9E787381E52F6F800341996 /* BxInputTextHeaderView.swift in Sources */ = {isa = PBXBuildFile; fileRef = F9E786FA1E52F6F800341996 /* BxInputTextHeaderView.swift */; };
		F9E787391E52F6F800341996 /* BxInputTextHeaderView.xib in Resources */ = {isa = PBXBuildFile; fileRef = F9E786FB1E52F6F800341996 /* BxInputTextHeaderView.xib */; };
		F9E7873A1E52F6F800341996 /* BxInputBaseHeaderFooterView.swift in Sources */ = {isa = PBXBuildFile; fileRef = F9E786FC1E52F6F800341996 /* BxInputBaseHeaderFooterView.swift */; };
		F9E7873C1E53340C00341996 /* BxInputUtils.swift in Sources */ = {isa = PBXBuildFile; fileRef = F9E7873B1E53340C00341996 /* BxInputUtils.swift */; };
		F9FC0ED51E7C046800ECBDF0 /* BxInputRowBinder.swift in Sources */ = {isa = PBXBuildFile; fileRef = F9FC0ED41E7C046800ECBDF0 /* BxInputRowBinder.swift */; };
		F9FF096E1E55FADB00A58FCE /* EnabledAllRowsController.swift in Sources */ = {isa = PBXBuildFile; fileRef = F9FF096D1E55FADB00A58FCE /* EnabledAllRowsController.swift */; };
/* End PBXBuildFile section */

/* Begin PBXFileReference section */
		426287E844423C4C137BCD01 /* Pods-BxInputController.debug.xcconfig */ = {isa = PBXFileReference; includeInIndex = 1; lastKnownFileType = text.xcconfig; name = "Pods-BxInputController.debug.xcconfig"; path = "Pods/Target Support Files/Pods-BxInputController/Pods-BxInputController.debug.xcconfig"; sourceTree = "<group>"; };
		A529CAF1FC63502159F31EBF /* Pods-BxInputController.release.xcconfig */ = {isa = PBXFileReference; includeInIndex = 1; lastKnownFileType = text.xcconfig; name = "Pods-BxInputController.release.xcconfig"; path = "Pods/Target Support Files/Pods-BxInputController/Pods-BxInputController.release.xcconfig"; sourceTree = "<group>"; };
		EDE3CA360A31AF4DA9BAFDDB /* Pods_BxInputController.framework */ = {isa = PBXFileReference; explicitFileType = wrapper.framework; includeInIndex = 0; path = Pods_BxInputController.framework; sourceTree = BUILT_PRODUCTS_DIR; };
		F90EE7A01E6DCCC3006A506C /* BxInputSwitchRowBinder.swift */ = {isa = PBXFileReference; fileEncoding = 4; lastKnownFileType = sourcecode.swift; path = BxInputSwitchRowBinder.swift; sourceTree = "<group>"; };
		F90EE7A61E6DD752006A506C /* BxInputRateRowBinder.swift */ = {isa = PBXFileReference; fileEncoding = 4; lastKnownFileType = sourcecode.swift; path = BxInputRateRowBinder.swift; sourceTree = "<group>"; };
		F90EE7A81E6DD8C5006A506C /* BxInputChildSelectorDateRowBinder.swift */ = {isa = PBXFileReference; fileEncoding = 4; lastKnownFileType = sourcecode.swift; path = BxInputChildSelectorDateRowBinder.swift; sourceTree = "<group>"; };
		F92183BE1E23AA2D002E1781 /* BxInputController.app */ = {isa = PBXFileReference; explicitFileType = wrapper.application; includeInIndex = 0; path = BxInputController.app; sourceTree = BUILT_PRODUCTS_DIR; };
		F92183D41E23AB21002E1781 /* AppDelegate.swift */ = {isa = PBXFileReference; fileEncoding = 4; lastKnownFileType = sourcecode.swift; path = AppDelegate.swift; sourceTree = "<group>"; };
		F92183D61E23AB21002E1781 /* CommonController.swift */ = {isa = PBXFileReference; fileEncoding = 4; lastKnownFileType = sourcecode.swift; path = CommonController.swift; sourceTree = "<group>"; };
		F92183E61E23AFB9002E1781 /* Assets.xcassets */ = {isa = PBXFileReference; lastKnownFileType = folder.assetcatalog; path = Assets.xcassets; sourceTree = "<group>"; };
		F92183E81E23AFB9002E1781 /* Base */ = {isa = PBXFileReference; lastKnownFileType = file.storyboard; name = Base; path = Base.lproj/LaunchScreen.storyboard; sourceTree = "<group>"; };
		F92183EA1E23AFB9002E1781 /* Base */ = {isa = PBXFileReference; lastKnownFileType = file.storyboard; name = Base; path = Base.lproj/Main.storyboard; sourceTree = "<group>"; };
		F92183EB1E23AFB9002E1781 /* Info.plist */ = {isa = PBXFileReference; fileEncoding = 4; lastKnownFileType = text.plist.xml; path = Info.plist; sourceTree = "<group>"; };
		F92861611E2A9D4A00B50369 /* build.sh */ = {isa = PBXFileReference; fileEncoding = 4; lastKnownFileType = text.script.sh; path = build.sh; sourceTree = "<group>"; };
		F92861621E2A9D4A00B50369 /* BxInputController.Template.podspec */ = {isa = PBXFileReference; fileEncoding = 4; lastKnownFileType = text; path = BxInputController.Template.podspec; sourceTree = "<group>"; };
		F92861631E2A9D4A00B50369 /* LICENSE */ = {isa = PBXFileReference; fileEncoding = 4; lastKnownFileType = text; path = LICENSE; sourceTree = "<group>"; };
		F92861641E2A9D4A00B50369 /* README.md */ = {isa = PBXFileReference; fileEncoding = 4; lastKnownFileType = net.daringfireball.markdown; path = README.md; sourceTree = "<group>"; };
		F92861691E2A9D8E00B50369 /* CHANGELOG.md */ = {isa = PBXFileReference; fileEncoding = 4; lastKnownFileType = net.daringfireball.markdown; path = CHANGELOG.md; sourceTree = "<group>"; };
		F933F5A31E7BB77A00FB1E22 /* BxInputActionCustomRowBinder.swift */ = {isa = PBXFileReference; fileEncoding = 4; lastKnownFileType = sourcecode.swift; path = BxInputActionCustomRowBinder.swift; sourceTree = "<group>"; };
		F933F5A51E7BBFD400FB1E22 /* BxInputCheckRowBinder.swift */ = {isa = PBXFileReference; fileEncoding = 4; lastKnownFileType = sourcecode.swift; path = BxInputCheckRowBinder.swift; sourceTree = "<group>"; };
		F933F5A71E7BC1E000FB1E22 /* BxInputDateRowBinder.swift */ = {isa = PBXFileReference; fileEncoding = 4; lastKnownFileType = sourcecode.swift; path = BxInputDateRowBinder.swift; sourceTree = "<group>"; };
		F933F5A91E7BC81300FB1E22 /* BxInputTextRowBinder.swift */ = {isa = PBXFileReference; fileEncoding = 4; lastKnownFileType = sourcecode.swift; path = BxInputTextRowBinder.swift; sourceTree = "<group>"; };
		F933F5AB1E7BCB3000FB1E22 /* BxInputVariantsRowBinder.swift */ = {isa = PBXFileReference; fileEncoding = 4; lastKnownFileType = sourcecode.swift; path = BxInputVariantsRowBinder.swift; sourceTree = "<group>"; };
		F933F5AE1E7BD01200FB1E22 /* BxInputChildSelectorRowBinder.swift */ = {isa = PBXFileReference; fileEncoding = 4; lastKnownFileType = sourcecode.swift; path = BxInputChildSelectorRowBinder.swift; sourceTree = "<group>"; };
		F933F5AF1E7BD01200FB1E22 /* BxInputSelectorCell.swift */ = {isa = PBXFileReference; fileEncoding = 4; lastKnownFileType = sourcecode.swift; path = BxInputSelectorCell.swift; sourceTree = "<group>"; };
		F933F5B01E7BD01200FB1E22 /* BxInputSelectorCell.xib */ = {isa = PBXFileReference; fileEncoding = 4; lastKnownFileType = file.xib; path = BxInputSelectorCell.xib; sourceTree = "<group>"; };
		F933F5B11E7BD01200FB1E22 /* BxInputSelectorRowBinder.swift */ = {isa = PBXFileReference; fileEncoding = 4; lastKnownFileType = sourcecode.swift; path = BxInputSelectorRowBinder.swift; sourceTree = "<group>"; };
		F933F5B31E7BD01200FB1E22 /* BxInputStandartTextCell.swift */ = {isa = PBXFileReference; fileEncoding = 4; lastKnownFileType = sourcecode.swift; path = BxInputStandartTextCell.swift; sourceTree = "<group>"; };
		F933F5B41E7BD01200FB1E22 /* BxInputStandartTextCell.xib */ = {isa = PBXFileReference; fileEncoding = 4; lastKnownFileType = file.xib; path = BxInputStandartTextCell.xib; sourceTree = "<group>"; };
		F933F5B51E7BD01200FB1E22 /* BxInputStandartTextRowBinder.swift */ = {isa = PBXFileReference; fileEncoding = 4; lastKnownFileType = sourcecode.swift; path = BxInputStandartTextRowBinder.swift; sourceTree = "<group>"; };
		F933F5BF1E7BD97C00FB1E22 /* BxInputSelectorDateRowBinder.swift */ = {isa = PBXFileReference; fileEncoding = 4; lastKnownFileType = sourcecode.swift; path = BxInputSelectorDateRowBinder.swift; sourceTree = "<group>"; };
		F933F5C11E7BDE3F00FB1E22 /* BxInputSelectorTextRowBinder.swift */ = {isa = PBXFileReference; fileEncoding = 4; lastKnownFileType = sourcecode.swift; path = BxInputSelectorTextRowBinder.swift; sourceTree = "<group>"; };
		F96D1F461E5463AC00BDB2CE /* BxInputActionCustomRow.swift */ = {isa = PBXFileReference; fileEncoding = 4; lastKnownFileType = sourcecode.swift; path = BxInputActionCustomRow.swift; sourceTree = "<group>"; };
		F96D1F471E5463AC00BDB2CE /* BxInputActionRow.swift */ = {isa = PBXFileReference; fileEncoding = 4; lastKnownFileType = sourcecode.swift; path = BxInputActionRow.swift; sourceTree = "<group>"; };
		F96D1F4A1E5463AC00BDB2CE /* BxInputCheckRow.swift */ = {isa = PBXFileReference; fileEncoding = 4; lastKnownFileType = sourcecode.swift; path = BxInputCheckRow.swift; sourceTree = "<group>"; };
		F96D1F4B1E5463AC00BDB2CE /* BxInputSwitchRow.swift */ = {isa = PBXFileReference; fileEncoding = 4; lastKnownFileType = sourcecode.swift; path = BxInputSwitchRow.swift; sourceTree = "<group>"; };
		F96D1F4E1E5463AC00BDB2CE /* BxInputDateRow.swift */ = {isa = PBXFileReference; fileEncoding = 4; lastKnownFileType = sourcecode.swift; path = BxInputDateRow.swift; sourceTree = "<group>"; };
		F96D1F4F1E5463AC00BDB2CE /* BxInputSelectorDateRow.swift */ = {isa = PBXFileReference; fileEncoding = 4; lastKnownFileType = sourcecode.swift; path = BxInputSelectorDateRow.swift; sourceTree = "<group>"; };
		F96D1F511E5463AC00BDB2CE /* BxInputChildSelectorDateCell.swift */ = {isa = PBXFileReference; fileEncoding = 4; lastKnownFileType = sourcecode.swift; path = BxInputChildSelectorDateCell.swift; sourceTree = "<group>"; };
		F96D1F521E5463AC00BDB2CE /* BxInputChildSelectorDateCell.xib */ = {isa = PBXFileReference; fileEncoding = 4; lastKnownFileType = file.xib; path = BxInputChildSelectorDateCell.xib; sourceTree = "<group>"; };
		F96D1F541E5463AC00BDB2CE /* BxInputSelectorPicturesRow.swift */ = {isa = PBXFileReference; fileEncoding = 4; lastKnownFileType = sourcecode.swift; path = BxInputSelectorPicturesRow.swift; sourceTree = "<group>"; };
		F96D1F561E5463AC00BDB2CE /* BxInputPictureImageItem.swift */ = {isa = PBXFileReference; fileEncoding = 4; lastKnownFileType = sourcecode.swift; path = BxInputPictureImageItem.swift; sourceTree = "<group>"; };
		F96D1F571E5463AC00BDB2CE /* BxInputPictureItem.swift */ = {isa = PBXFileReference; fileEncoding = 4; lastKnownFileType = sourcecode.swift; path = BxInputPictureItem.swift; sourceTree = "<group>"; };
		F96D1F581E5463AC00BDB2CE /* BxInputPictureLibraryItem.swift */ = {isa = PBXFileReference; fileEncoding = 4; lastKnownFileType = sourcecode.swift; path = BxInputPictureLibraryItem.swift; sourceTree = "<group>"; };
		F96D1F5A1E5463AC00BDB2CE /* BxInputPictureCollectionCell.swift */ = {isa = PBXFileReference; fileEncoding = 4; lastKnownFileType = sourcecode.swift; path = BxInputPictureCollectionCell.swift; sourceTree = "<group>"; };
		F96D1F5B1E5463AC00BDB2CE /* BxInputSelectorPicturesCell.swift */ = {isa = PBXFileReference; fileEncoding = 4; lastKnownFileType = sourcecode.swift; path = BxInputSelectorPicturesCell.swift; sourceTree = "<group>"; };
		F96D1F5C1E5463AC00BDB2CE /* BxInputSelectorPicturesCell.xib */ = {isa = PBXFileReference; fileEncoding = 4; lastKnownFileType = file.xib; path = BxInputSelectorPicturesCell.xib; sourceTree = "<group>"; };
		F96D1F5D1E5463AC00BDB2CE /* BxInputSelectorPicturesLibraryDataSource.swift */ = {isa = PBXFileReference; fileEncoding = 4; lastKnownFileType = sourcecode.swift; path = BxInputSelectorPicturesLibraryDataSource.swift; sourceTree = "<group>"; };
		F96D1F5E1E5463AC00BDB2CE /* BxInputSelectorPictureView.swift */ = {isa = PBXFileReference; fileEncoding = 4; lastKnownFileType = sourcecode.swift; path = BxInputSelectorPictureView.swift; sourceTree = "<group>"; };
		F96D1F601E5463AC00BDB2CE /* BxInputRateRow.swift */ = {isa = PBXFileReference; fileEncoding = 4; lastKnownFileType = sourcecode.swift; path = BxInputRateRow.swift; sourceTree = "<group>"; };
		F96D1F621E5463AC00BDB2CE /* BxInputRateCell.swift */ = {isa = PBXFileReference; fileEncoding = 4; lastKnownFileType = sourcecode.swift; path = BxInputRateCell.swift; sourceTree = "<group>"; };
		F96D1F631E5463AC00BDB2CE /* BxInputRateCell.xib */ = {isa = PBXFileReference; fileEncoding = 4; lastKnownFileType = file.xib; path = BxInputRateCell.xib; sourceTree = "<group>"; };
		F96D1F651E5463AC00BDB2CE /* BxInputSelectorSuggestionsItemRow.swift */ = {isa = PBXFileReference; fileEncoding = 4; lastKnownFileType = sourcecode.swift; path = BxInputSelectorSuggestionsItemRow.swift; sourceTree = "<group>"; };
		F96D1F661E5463AC00BDB2CE /* BxInputSelectorSuggestionsRow.swift */ = {isa = PBXFileReference; fileEncoding = 4; lastKnownFileType = sourcecode.swift; path = BxInputSelectorSuggestionsRow.swift; sourceTree = "<group>"; };
		F96D1F681E5463AC00BDB2CE /* BxInputSelectorSuggestionCell.swift */ = {isa = PBXFileReference; fileEncoding = 4; lastKnownFileType = sourcecode.swift; path = BxInputSelectorSuggestionCell.swift; sourceTree = "<group>"; };
		F96D1F691E5463AC00BDB2CE /* BxInputSelectorSuggestionCell.xib */ = {isa = PBXFileReference; fileEncoding = 4; lastKnownFileType = file.xib; path = BxInputSelectorSuggestionCell.xib; sourceTree = "<group>"; };
		F96D1F6B1E5463AC00BDB2CE /* BxInputSelectorTextRow.swift */ = {isa = PBXFileReference; fileEncoding = 4; lastKnownFileType = sourcecode.swift; path = BxInputSelectorTextRow.swift; sourceTree = "<group>"; };
		F96D1F6C1E5463AC00BDB2CE /* BxInputTextRow.swift */ = {isa = PBXFileReference; fileEncoding = 4; lastKnownFileType = sourcecode.swift; path = BxInputTextRow.swift; sourceTree = "<group>"; };
		F96D1F6E1E5463AC00BDB2CE /* BxInputChildSelectorTextCell.swift */ = {isa = PBXFileReference; fileEncoding = 4; lastKnownFileType = sourcecode.swift; path = BxInputChildSelectorTextCell.swift; sourceTree = "<group>"; };
		F96D1F6F1E5463AC00BDB2CE /* BxInputChildSelectorTextCell.xib */ = {isa = PBXFileReference; fileEncoding = 4; lastKnownFileType = file.xib; path = BxInputChildSelectorTextCell.xib; sourceTree = "<group>"; };
		F96D1F711E5463AC00BDB2CE /* BxInputSelectorVariantsRow.swift */ = {isa = PBXFileReference; fileEncoding = 4; lastKnownFileType = sourcecode.swift; path = BxInputSelectorVariantsRow.swift; sourceTree = "<group>"; };
		F96D1F721E5463AC00BDB2CE /* BxInputVariants.swift */ = {isa = PBXFileReference; fileEncoding = 4; lastKnownFileType = sourcecode.swift; path = BxInputVariants.swift; sourceTree = "<group>"; };
		F96D1F731E5463AC00BDB2CE /* BxInputVariantsItem.swift */ = {isa = PBXFileReference; fileEncoding = 4; lastKnownFileType = sourcecode.swift; path = BxInputVariantsItem.swift; sourceTree = "<group>"; };
		F96D1F741E5463AC00BDB2CE /* BxInputVariantsRow.swift */ = {isa = PBXFileReference; fileEncoding = 4; lastKnownFileType = sourcecode.swift; path = BxInputVariantsRow.swift; sourceTree = "<group>"; };
		F96D1F761E5463AC00BDB2CE /* BxInputSelectorVariantsCell.swift */ = {isa = PBXFileReference; fileEncoding = 4; lastKnownFileType = sourcecode.swift; path = BxInputSelectorVariantsCell.swift; sourceTree = "<group>"; };
		F96D1F771E5463AC00BDB2CE /* BxInputSelectorVariantsCell.xib */ = {isa = PBXFileReference; fileEncoding = 4; lastKnownFileType = file.xib; path = BxInputSelectorVariantsCell.xib; sourceTree = "<group>"; };
		F96D1F9A1E54753C00BDB2CE /* SimpleAllRowsController.swift */ = {isa = PBXFileReference; fileEncoding = 4; lastKnownFileType = sourcecode.swift; path = SimpleAllRowsController.swift; sourceTree = "<group>"; };
		F96D1F9C1E54859300BDB2CE /* BxInputSwitchCell.swift */ = {isa = PBXFileReference; fileEncoding = 4; lastKnownFileType = sourcecode.swift; path = BxInputSwitchCell.swift; sourceTree = "<group>"; };
		F96D1F9D1E54859300BDB2CE /* BxInputSwitchCell.xib */ = {isa = PBXFileReference; fileEncoding = 4; lastKnownFileType = file.xib; path = BxInputSwitchCell.xib; sourceTree = "<group>"; };
		F9847E731E279815007C26EC /* SelectionController.swift */ = {isa = PBXFileReference; fileEncoding = 4; lastKnownFileType = sourcecode.swift; path = SelectionController.swift; sourceTree = "<group>"; };
		F9847E771E279B60007C26EC /* Assets.xcassets */ = {isa = PBXFileReference; lastKnownFileType = folder.assetcatalog; path = Assets.xcassets; sourceTree = "<group>"; };
		F993083B1E430C9A00EDA3BD /* ReviewController.swift */ = {isa = PBXFileReference; fileEncoding = 4; lastKnownFileType = sourcecode.swift; path = ReviewController.swift; sourceTree = "<group>"; };
		F99D888A1E6DDB2A003E591B /* BxInputSelectorSuggestionRowBinder.swift */ = {isa = PBXFileReference; fileEncoding = 4; lastKnownFileType = sourcecode.swift; path = BxInputSelectorSuggestionRowBinder.swift; sourceTree = "<group>"; };
		F99D888C1E6DDCA0003E591B /* BxInputSelectorVariantsRowBinder.swift */ = {isa = PBXFileReference; fileEncoding = 4; lastKnownFileType = sourcecode.swift; path = BxInputSelectorVariantsRowBinder.swift; sourceTree = "<group>"; };
		F99D888E1E6DDE66003E591B /* BxInputChildSelectorTextRowBinder.swift */ = {isa = PBXFileReference; fileEncoding = 4; lastKnownFileType = sourcecode.swift; path = BxInputChildSelectorTextRowBinder.swift; sourceTree = "<group>"; };
		F99D88901E6DDFF0003E591B /* BxInputSelectorPicturesRowBinder.swift */ = {isa = PBXFileReference; fileEncoding = 4; lastKnownFileType = sourcecode.swift; path = BxInputSelectorPicturesRowBinder.swift; sourceTree = "<group>"; };
		F9E786A91E52F6F800341996 /* BxInputRow.swift */ = {isa = PBXFileReference; fileEncoding = 4; lastKnownFileType = sourcecode.swift; path = BxInputRow.swift; sourceTree = "<group>"; };
		F9E786AA1E52F6F800341996 /* BxInputSelectorRow.swift */ = {isa = PBXFileReference; fileEncoding = 4; lastKnownFileType = sourcecode.swift; path = BxInputSelectorRow.swift; sourceTree = "<group>"; };
		F9E786AB1E52F6F800341996 /* BxInputStaticHeight.swift */ = {isa = PBXFileReference; fileEncoding = 4; lastKnownFileType = sourcecode.swift; path = BxInputStaticHeight.swift; sourceTree = "<group>"; };
		F9E786AC1E52F6F800341996 /* BxInputString.swift */ = {isa = PBXFileReference; fileEncoding = 4; lastKnownFileType = sourcecode.swift; path = BxInputString.swift; sourceTree = "<group>"; };
		F9E786AD1E52F6F800341996 /* BxInputStringRow.swift */ = {isa = PBXFileReference; fileEncoding = 4; lastKnownFileType = sourcecode.swift; path = BxInputStringRow.swift; sourceTree = "<group>"; };
		F9E786B51E52F6F800341996 /* BxInputController+InputAccessoryView.swift */ = {isa = PBXFileReference; fileEncoding = 4; lastKnownFileType = sourcecode.swift; path = "BxInputController+InputAccessoryView.swift"; sourceTree = "<group>"; };
		F9E786B61E52F6F800341996 /* BxInputController+Keyboard.swift */ = {isa = PBXFileReference; fileEncoding = 4; lastKnownFileType = sourcecode.swift; path = "BxInputController+Keyboard.swift"; sourceTree = "<group>"; };
		F9E786B71E52F6F800341996 /* BxInputController+UITableViewDataSource.swift */ = {isa = PBXFileReference; fileEncoding = 4; lastKnownFileType = sourcecode.swift; path = "BxInputController+UITableViewDataSource.swift"; sourceTree = "<group>"; };
		F9E786B81E52F6F800341996 /* BxInputController+UITableViewDelegate.swift */ = {isa = PBXFileReference; fileEncoding = 4; lastKnownFileType = sourcecode.swift; path = "BxInputController+UITableViewDelegate.swift"; sourceTree = "<group>"; };
		F9E786B91E52F6F800341996 /* BxInputController.swift */ = {isa = PBXFileReference; fileEncoding = 4; lastKnownFileType = sourcecode.swift; path = BxInputController.swift; sourceTree = "<group>"; };
		F9E786BA1E52F6F800341996 /* BxInputSettings.swift */ = {isa = PBXFileReference; fileEncoding = 4; lastKnownFileType = sourcecode.swift; path = BxInputSettings.swift; sourceTree = "<group>"; };
		F9E786BC1E52F6F800341996 /* Formatter.swift */ = {isa = PBXFileReference; fileEncoding = 4; lastKnownFileType = sourcecode.swift; path = Formatter.swift; sourceTree = "<group>"; };
		F9E786BD1E52F6F800341996 /* UIImage.swift */ = {isa = PBXFileReference; fileEncoding = 4; lastKnownFileType = sourcecode.swift; path = UIImage.swift; sourceTree = "<group>"; };
		F9E786F01E52F6F800341996 /* BxInputSection.swift */ = {isa = PBXFileReference; fileEncoding = 4; lastKnownFileType = sourcecode.swift; path = BxInputSection.swift; sourceTree = "<group>"; };
		F9E786F11E52F6F800341996 /* BxInputSectionContent.swift */ = {isa = PBXFileReference; fileEncoding = 4; lastKnownFileType = sourcecode.swift; path = BxInputSectionContent.swift; sourceTree = "<group>"; };
		F9E786F21E52F6F800341996 /* BxInputSectionStringFooter.swift */ = {isa = PBXFileReference; fileEncoding = 4; lastKnownFileType = sourcecode.swift; path = BxInputSectionStringFooter.swift; sourceTree = "<group>"; };
		F9E786F31E52F6F800341996 /* BxInputSectionStringHeader.swift */ = {isa = PBXFileReference; fileEncoding = 4; lastKnownFileType = sourcecode.swift; path = BxInputSectionStringHeader.swift; sourceTree = "<group>"; };
		F9E786F41E52F6F800341996 /* BxInputSectionView.swift */ = {isa = PBXFileReference; fileEncoding = 4; lastKnownFileType = sourcecode.swift; path = BxInputSectionView.swift; sourceTree = "<group>"; };
		F9E786F61E52F6F800341996 /* BxInputEmptyHeaderFooterView.swift */ = {isa = PBXFileReference; fileEncoding = 4; lastKnownFileType = sourcecode.swift; path = BxInputEmptyHeaderFooterView.swift; sourceTree = "<group>"; };
		F9E786F71E52F6F800341996 /* BxInputEmptyHeaderFooterView.xib */ = {isa = PBXFileReference; fileEncoding = 4; lastKnownFileType = file.xib; path = BxInputEmptyHeaderFooterView.xib; sourceTree = "<group>"; };
		F9E786F81E52F6F800341996 /* BxInputTextFooterView.swift */ = {isa = PBXFileReference; fileEncoding = 4; lastKnownFileType = sourcecode.swift; path = BxInputTextFooterView.swift; sourceTree = "<group>"; };
		F9E786F91E52F6F800341996 /* BxInputTextFooterView.xib */ = {isa = PBXFileReference; fileEncoding = 4; lastKnownFileType = file.xib; path = BxInputTextFooterView.xib; sourceTree = "<group>"; };
		F9E786FA1E52F6F800341996 /* BxInputTextHeaderView.swift */ = {isa = PBXFileReference; fileEncoding = 4; lastKnownFileType = sourcecode.swift; path = BxInputTextHeaderView.swift; sourceTree = "<group>"; };
		F9E786FB1E52F6F800341996 /* BxInputTextHeaderView.xib */ = {isa = PBXFileReference; fileEncoding = 4; lastKnownFileType = file.xib; path = BxInputTextHeaderView.xib; sourceTree = "<group>"; };
		F9E786FC1E52F6F800341996 /* BxInputBaseHeaderFooterView.swift */ = {isa = PBXFileReference; fileEncoding = 4; lastKnownFileType = sourcecode.swift; path = BxInputBaseHeaderFooterView.swift; sourceTree = "<group>"; };
		F9E7873B1E53340C00341996 /* BxInputUtils.swift */ = {isa = PBXFileReference; fileEncoding = 4; lastKnownFileType = sourcecode.swift; path = BxInputUtils.swift; sourceTree = "<group>"; };
		F9FC0ED41E7C046800ECBDF0 /* BxInputRowBinder.swift */ = {isa = PBXFileReference; fileEncoding = 4; lastKnownFileType = sourcecode.swift; path = BxInputRowBinder.swift; sourceTree = "<group>"; };
		F9FF096D1E55FADB00A58FCE /* EnabledAllRowsController.swift */ = {isa = PBXFileReference; fileEncoding = 4; lastKnownFileType = sourcecode.swift; path = EnabledAllRowsController.swift; sourceTree = "<group>"; };
/* End PBXFileReference section */

/* Begin PBXFrameworksBuildPhase section */
		F92183BB1E23AA2D002E1781 /* Frameworks */ = {
			isa = PBXFrameworksBuildPhase;
			buildActionMask = 2147483647;
			files = (
				0B0240F32D7035DFA339DE59 /* Pods_BxInputController.framework in Frameworks */,
			);
			runOnlyForDeploymentPostprocessing = 0;
		};
/* End PBXFrameworksBuildPhase section */

/* Begin PBXGroup section */
		18C735A61EBFE45B04B197BF /* Pods */ = {
			isa = PBXGroup;
			children = (
				426287E844423C4C137BCD01 /* Pods-BxInputController.debug.xcconfig */,
				A529CAF1FC63502159F31EBF /* Pods-BxInputController.release.xcconfig */,
			);
			name = Pods;
			sourceTree = "<group>";
		};
		772335DE5CE2619C0740BFA7 /* Frameworks */ = {
			isa = PBXGroup;
			children = (
				EDE3CA360A31AF4DA9BAFDDB /* Pods_BxInputController.framework */,
			);
			name = Frameworks;
			sourceTree = "<group>";
		};
		F92183B51E23AA2D002E1781 = {
			isa = PBXGroup;
			children = (
				F92861611E2A9D4A00B50369 /* build.sh */,
				F92861621E2A9D4A00B50369 /* BxInputController.Template.podspec */,
				F92861631E2A9D4A00B50369 /* LICENSE */,
				F92861641E2A9D4A00B50369 /* README.md */,
				F92861691E2A9D8E00B50369 /* CHANGELOG.md */,
				F92183C01E23AA2D002E1781 /* BxInputController */,
				F92183BF1E23AA2D002E1781 /* Products */,
				18C735A61EBFE45B04B197BF /* Pods */,
				772335DE5CE2619C0740BFA7 /* Frameworks */,
			);
			sourceTree = "<group>";
		};
		F92183BF1E23AA2D002E1781 /* Products */ = {
			isa = PBXGroup;
			children = (
				F92183BE1E23AA2D002E1781 /* BxInputController.app */,
			);
			name = Products;
			sourceTree = "<group>";
		};
		F92183C01E23AA2D002E1781 /* BxInputController */ = {
			isa = PBXGroup;
			children = (
				F92183D31E23AB21002E1781 /* Example */,
				F92183F01E23C270002E1781 /* Sources */,
			);
			path = BxInputController;
			sourceTree = "<group>";
		};
		F92183D31E23AB21002E1781 /* Example */ = {
			isa = PBXGroup;
			children = (
				F92183D41E23AB21002E1781 /* AppDelegate.swift */,
				F92183D51E23AB21002E1781 /* Controllers */,
				F92183E51E23AFB9002E1781 /* Resources */,
			);
			path = Example;
			sourceTree = "<group>";
		};
		F92183D51E23AB21002E1781 /* Controllers */ = {
			isa = PBXGroup;
			children = (
				F92183D61E23AB21002E1781 /* CommonController.swift */,
				F9847E731E279815007C26EC /* SelectionController.swift */,
				F993083B1E430C9A00EDA3BD /* ReviewController.swift */,
				F96D1F9A1E54753C00BDB2CE /* SimpleAllRowsController.swift */,
				F9FF096D1E55FADB00A58FCE /* EnabledAllRowsController.swift */,
			);
			path = Controllers;
			sourceTree = "<group>";
		};
		F92183E51E23AFB9002E1781 /* Resources */ = {
			isa = PBXGroup;
			children = (
				F92183E61E23AFB9002E1781 /* Assets.xcassets */,
				F92183E71E23AFB9002E1781 /* LaunchScreen.storyboard */,
				F92183E91E23AFB9002E1781 /* Main.storyboard */,
				F92183EB1E23AFB9002E1781 /* Info.plist */,
			);
			name = Resources;
			path = BxInputController/Example/Resources;
			sourceTree = SOURCE_ROOT;
		};
		F92183F01E23C270002E1781 /* Sources */ = {
			isa = PBXGroup;
			children = (
				F9847E771E279B60007C26EC /* Assets.xcassets */,
				F9E786A81E52F6F800341996 /* Common */,
				F9E786B41E52F6F800341996 /* Controller */,
				F9E786BB1E52F6F800341996 /* Extensions */,
				F96D1F441E5463AC00BDB2CE /* Rows */,
				F9E786EF1E52F6F800341996 /* Sections */,
			);
			path = Sources;
			sourceTree = "<group>";
		};
		F933F5AD1E7BD01200FB1E22 /* Selector */ = {
			isa = PBXGroup;
			children = (
				F933F5AE1E7BD01200FB1E22 /* BxInputChildSelectorRowBinder.swift */,
				F933F5AF1E7BD01200FB1E22 /* BxInputSelectorCell.swift */,
				F933F5B01E7BD01200FB1E22 /* BxInputSelectorCell.xib */,
				F933F5B11E7BD01200FB1E22 /* BxInputSelectorRowBinder.swift */,
			);
			path = Selector;
			sourceTree = "<group>";
		};
		F933F5B21E7BD01200FB1E22 /* StandartText */ = {
			isa = PBXGroup;
			children = (
				F933F5B31E7BD01200FB1E22 /* BxInputStandartTextCell.swift */,
				F933F5B41E7BD01200FB1E22 /* BxInputStandartTextCell.xib */,
				F933F5B51E7BD01200FB1E22 /* BxInputStandartTextRowBinder.swift */,
			);
			path = StandartText;
			sourceTree = "<group>";
		};
		F96D1F441E5463AC00BDB2CE /* Rows */ = {
			isa = PBXGroup;
			children = (
				F96D1F451E5463AC00BDB2CE /* Action */,
				F96D1F491E5463AC00BDB2CE /* Boolean */,
				F96D1F4D1E5463AC00BDB2CE /* Date */,
				F96D1F531E5463AC00BDB2CE /* Pictures */,
				F96D1F5F1E5463AC00BDB2CE /* Rate */,
				F96D1F641E5463AC00BDB2CE /* Suggestions */,
				F96D1F6A1E5463AC00BDB2CE /* Text */,
				F96D1F701E5463AC00BDB2CE /* Variants */,
			);
			path = Rows;
			sourceTree = "<group>";
		};
		F96D1F451E5463AC00BDB2CE /* Action */ = {
			isa = PBXGroup;
			children = (
				F96D1F461E5463AC00BDB2CE /* BxInputActionCustomRow.swift */,
				F96D1F471E5463AC00BDB2CE /* BxInputActionRow.swift */,
				F96D1F481E5463AC00BDB2CE /* View */,
			);
			path = Action;
			sourceTree = "<group>";
		};
		F96D1F481E5463AC00BDB2CE /* View */ = {
			isa = PBXGroup;
			children = (
				F933F5A31E7BB77A00FB1E22 /* BxInputActionCustomRowBinder.swift */,
			);
			path = View;
			sourceTree = "<group>";
		};
		F96D1F491E5463AC00BDB2CE /* Boolean */ = {
			isa = PBXGroup;
			children = (
				F96D1F4A1E5463AC00BDB2CE /* BxInputCheckRow.swift */,
				F96D1F4B1E5463AC00BDB2CE /* BxInputSwitchRow.swift */,
				F96D1F4C1E5463AC00BDB2CE /* View */,
			);
			path = Boolean;
			sourceTree = "<group>";
		};
		F96D1F4C1E5463AC00BDB2CE /* View */ = {
			isa = PBXGroup;
			children = (
				F933F5A51E7BBFD400FB1E22 /* BxInputCheckRowBinder.swift */,
				F90EE7A01E6DCCC3006A506C /* BxInputSwitchRowBinder.swift */,
				F96D1F9C1E54859300BDB2CE /* BxInputSwitchCell.swift */,
				F96D1F9D1E54859300BDB2CE /* BxInputSwitchCell.xib */,
			);
			path = View;
			sourceTree = "<group>";
		};
		F96D1F4D1E5463AC00BDB2CE /* Date */ = {
			isa = PBXGroup;
			children = (
				F96D1F4E1E5463AC00BDB2CE /* BxInputDateRow.swift */,
				F96D1F4F1E5463AC00BDB2CE /* BxInputSelectorDateRow.swift */,
				F96D1F501E5463AC00BDB2CE /* View */,
			);
			path = Date;
			sourceTree = "<group>";
		};
		F96D1F501E5463AC00BDB2CE /* View */ = {
			isa = PBXGroup;
			children = (
				F933F5A71E7BC1E000FB1E22 /* BxInputDateRowBinder.swift */,
				F90EE7A81E6DD8C5006A506C /* BxInputChildSelectorDateRowBinder.swift */,
				F96D1F511E5463AC00BDB2CE /* BxInputChildSelectorDateCell.swift */,
				F96D1F521E5463AC00BDB2CE /* BxInputChildSelectorDateCell.xib */,
				F933F5BF1E7BD97C00FB1E22 /* BxInputSelectorDateRowBinder.swift */,
			);
			path = View;
			sourceTree = "<group>";
		};
		F96D1F531E5463AC00BDB2CE /* Pictures */ = {
			isa = PBXGroup;
			children = (
				F96D1F541E5463AC00BDB2CE /* BxInputSelectorPicturesRow.swift */,
				F96D1F551E5463AC00BDB2CE /* Item */,
				F96D1F591E5463AC00BDB2CE /* View */,
			);
			path = Pictures;
			sourceTree = "<group>";
		};
		F96D1F551E5463AC00BDB2CE /* Item */ = {
			isa = PBXGroup;
			children = (
				F96D1F561E5463AC00BDB2CE /* BxInputPictureImageItem.swift */,
				F96D1F571E5463AC00BDB2CE /* BxInputPictureItem.swift */,
				F96D1F581E5463AC00BDB2CE /* BxInputPictureLibraryItem.swift */,
			);
			path = Item;
			sourceTree = "<group>";
		};
		F96D1F591E5463AC00BDB2CE /* View */ = {
			isa = PBXGroup;
			children = (
				F96D1F5A1E5463AC00BDB2CE /* BxInputPictureCollectionCell.swift */,
				F99D88901E6DDFF0003E591B /* BxInputSelectorPicturesRowBinder.swift */,
				F96D1F5B1E5463AC00BDB2CE /* BxInputSelectorPicturesCell.swift */,
				F96D1F5C1E5463AC00BDB2CE /* BxInputSelectorPicturesCell.xib */,
				F96D1F5D1E5463AC00BDB2CE /* BxInputSelectorPicturesLibraryDataSource.swift */,
				F96D1F5E1E5463AC00BDB2CE /* BxInputSelectorPictureView.swift */,
			);
			path = View;
			sourceTree = "<group>";
		};
		F96D1F5F1E5463AC00BDB2CE /* Rate */ = {
			isa = PBXGroup;
			children = (
				F96D1F601E5463AC00BDB2CE /* BxInputRateRow.swift */,
				F96D1F611E5463AC00BDB2CE /* View */,
			);
			path = Rate;
			sourceTree = "<group>";
		};
		F96D1F611E5463AC00BDB2CE /* View */ = {
			isa = PBXGroup;
			children = (
				F90EE7A61E6DD752006A506C /* BxInputRateRowBinder.swift */,
				F96D1F621E5463AC00BDB2CE /* BxInputRateCell.swift */,
				F96D1F631E5463AC00BDB2CE /* BxInputRateCell.xib */,
			);
			path = View;
			sourceTree = "<group>";
		};
		F96D1F641E5463AC00BDB2CE /* Suggestions */ = {
			isa = PBXGroup;
			children = (
				F96D1F651E5463AC00BDB2CE /* BxInputSelectorSuggestionsItemRow.swift */,
				F96D1F661E5463AC00BDB2CE /* BxInputSelectorSuggestionsRow.swift */,
				F96D1F671E5463AC00BDB2CE /* View */,
			);
			path = Suggestions;
			sourceTree = "<group>";
		};
		F96D1F671E5463AC00BDB2CE /* View */ = {
			isa = PBXGroup;
			children = (
				F99D888A1E6DDB2A003E591B /* BxInputSelectorSuggestionRowBinder.swift */,
				F96D1F681E5463AC00BDB2CE /* BxInputSelectorSuggestionCell.swift */,
				F96D1F691E5463AC00BDB2CE /* BxInputSelectorSuggestionCell.xib */,
			);
			path = View;
			sourceTree = "<group>";
		};
		F96D1F6A1E5463AC00BDB2CE /* Text */ = {
			isa = PBXGroup;
			children = (
				F96D1F6B1E5463AC00BDB2CE /* BxInputSelectorTextRow.swift */,
				F96D1F6C1E5463AC00BDB2CE /* BxInputTextRow.swift */,
				F96D1F6D1E5463AC00BDB2CE /* View */,
			);
			path = Text;
			sourceTree = "<group>";
		};
		F96D1F6D1E5463AC00BDB2CE /* View */ = {
			isa = PBXGroup;
			children = (
				F933F5A91E7BC81300FB1E22 /* BxInputTextRowBinder.swift */,
				F99D888E1E6DDE66003E591B /* BxInputChildSelectorTextRowBinder.swift */,
				F96D1F6E1E5463AC00BDB2CE /* BxInputChildSelectorTextCell.swift */,
				F96D1F6F1E5463AC00BDB2CE /* BxInputChildSelectorTextCell.xib */,
				F933F5C11E7BDE3F00FB1E22 /* BxInputSelectorTextRowBinder.swift */,
			);
			path = View;
			sourceTree = "<group>";
		};
		F96D1F701E5463AC00BDB2CE /* Variants */ = {
			isa = PBXGroup;
			children = (
				F96D1F711E5463AC00BDB2CE /* BxInputSelectorVariantsRow.swift */,
				F96D1F721E5463AC00BDB2CE /* BxInputVariants.swift */,
				F96D1F731E5463AC00BDB2CE /* BxInputVariantsItem.swift */,
				F96D1F741E5463AC00BDB2CE /* BxInputVariantsRow.swift */,
				F96D1F751E5463AC00BDB2CE /* View */,
			);
			path = Variants;
			sourceTree = "<group>";
		};
		F96D1F751E5463AC00BDB2CE /* View */ = {
			isa = PBXGroup;
			children = (
				F933F5AB1E7BCB3000FB1E22 /* BxInputVariantsRowBinder.swift */,
				F99D888C1E6DDCA0003E591B /* BxInputSelectorVariantsRowBinder.swift */,
				F96D1F761E5463AC00BDB2CE /* BxInputSelectorVariantsCell.swift */,
				F96D1F771E5463AC00BDB2CE /* BxInputSelectorVariantsCell.xib */,
			);
			path = View;
			sourceTree = "<group>";
		};
		F9E786A81E52F6F800341996 /* Common */ = {
			isa = PBXGroup;
			children = (
				F9E7873B1E53340C00341996 /* BxInputUtils.swift */,
				F9E786A91E52F6F800341996 /* BxInputRow.swift */,
				F9E786AA1E52F6F800341996 /* BxInputSelectorRow.swift */,
				F9E786AB1E52F6F800341996 /* BxInputStaticHeight.swift */,
				F9E786AC1E52F6F800341996 /* BxInputString.swift */,
				F9E786AD1E52F6F800341996 /* BxInputStringRow.swift */,
				F9E786AE1E52F6F800341996 /* View */,
			);
			path = Common;
			sourceTree = "<group>";
		};
		F9E786AE1E52F6F800341996 /* View */ = {
			isa = PBXGroup;
			children = (
				F9FC0ED41E7C046800ECBDF0 /* BxInputRowBinder.swift */,
				F933F5AD1E7BD01200FB1E22 /* Selector */,
				F933F5B21E7BD01200FB1E22 /* StandartText */,
			);
			path = View;
			sourceTree = "<group>";
		};
		F9E786B41E52F6F800341996 /* Controller */ = {
			isa = PBXGroup;
			children = (
				F9E786B51E52F6F800341996 /* BxInputController+InputAccessoryView.swift */,
				F9E786B61E52F6F800341996 /* BxInputController+Keyboard.swift */,
				F9E786B71E52F6F800341996 /* BxInputController+UITableViewDataSource.swift */,
				F9E786B81E52F6F800341996 /* BxInputController+UITableViewDelegate.swift */,
				F9E786B91E52F6F800341996 /* BxInputController.swift */,
				F9E786BA1E52F6F800341996 /* BxInputSettings.swift */,
			);
			path = Controller;
			sourceTree = "<group>";
		};
		F9E786BB1E52F6F800341996 /* Extensions */ = {
			isa = PBXGroup;
			children = (
				F9E786BC1E52F6F800341996 /* Formatter.swift */,
				F9E786BD1E52F6F800341996 /* UIImage.swift */,
			);
			path = Extensions;
			sourceTree = "<group>";
		};
		F9E786EF1E52F6F800341996 /* Sections */ = {
			isa = PBXGroup;
			children = (
				F9E786F01E52F6F800341996 /* BxInputSection.swift */,
				F9E786F11E52F6F800341996 /* BxInputSectionContent.swift */,
				F9E786F21E52F6F800341996 /* BxInputSectionStringFooter.swift */,
				F9E786F31E52F6F800341996 /* BxInputSectionStringHeader.swift */,
				F9E786F41E52F6F800341996 /* BxInputSectionView.swift */,
				F9E786F51E52F6F800341996 /* View */,
			);
			path = Sections;
			sourceTree = "<group>";
		};
		F9E786F51E52F6F800341996 /* View */ = {
			isa = PBXGroup;
			children = (
				F9E786FC1E52F6F800341996 /* BxInputBaseHeaderFooterView.swift */,
				F9E786F61E52F6F800341996 /* BxInputEmptyHeaderFooterView.swift */,
				F9E786F71E52F6F800341996 /* BxInputEmptyHeaderFooterView.xib */,
				F9E786F81E52F6F800341996 /* BxInputTextFooterView.swift */,
				F9E786F91E52F6F800341996 /* BxInputTextFooterView.xib */,
				F9E786FA1E52F6F800341996 /* BxInputTextHeaderView.swift */,
				F9E786FB1E52F6F800341996 /* BxInputTextHeaderView.xib */,
			);
			path = View;
			sourceTree = "<group>";
		};
/* End PBXGroup section */

/* Begin PBXNativeTarget section */
		F92183BD1E23AA2D002E1781 /* BxInputController */ = {
			isa = PBXNativeTarget;
			buildConfigurationList = F92183D01E23AA2D002E1781 /* Build configuration list for PBXNativeTarget "BxInputController" */;
			buildPhases = (
				DF58BA2CADF6F9D41CD58920 /* [CP] Check Pods Manifest.lock */,
				F92183BA1E23AA2D002E1781 /* Sources */,
				F92183BB1E23AA2D002E1781 /* Frameworks */,
				F92183BC1E23AA2D002E1781 /* Resources */,
				CBB2B0348D204C962169760F /* [CP] Embed Pods Frameworks */,
				0993AA811CF215586546F6BE /* [CP] Copy Pods Resources */,
			);
			buildRules = (
			);
			dependencies = (
			);
			name = BxInputController;
			productName = BxInputController;
			productReference = F92183BE1E23AA2D002E1781 /* BxInputController.app */;
			productType = "com.apple.product-type.application";
		};
/* End PBXNativeTarget section */

/* Begin PBXProject section */
		F92183B61E23AA2D002E1781 /* Project object */ = {
			isa = PBXProject;
			attributes = {
				LastSwiftUpdateCheck = 0820;
				LastUpgradeCheck = 0820;
				ORGANIZATIONNAME = Byterix;
				TargetAttributes = {
					F92183BD1E23AA2D002E1781 = {
						CreatedOnToolsVersion = 8.2.1;
						DevelopmentTeam = FDK83T8QNS;
						ProvisioningStyle = Automatic;
					};
				};
			};
			buildConfigurationList = F92183B91E23AA2D002E1781 /* Build configuration list for PBXProject "BxInputController" */;
			compatibilityVersion = "Xcode 3.2";
			developmentRegion = English;
			hasScannedForEncodings = 0;
			knownRegions = (
				en,
				Base,
			);
			mainGroup = F92183B51E23AA2D002E1781;
			productRefGroup = F92183BF1E23AA2D002E1781 /* Products */;
			projectDirPath = "";
			projectRoot = "";
			targets = (
				F92183BD1E23AA2D002E1781 /* BxInputController */,
			);
		};
/* End PBXProject section */

/* Begin PBXResourcesBuildPhase section */
		F92183BC1E23AA2D002E1781 /* Resources */ = {
			isa = PBXResourcesBuildPhase;
			buildActionMask = 2147483647;
			files = (
				F92183EE1E23AFB9002E1781 /* Main.storyboard in Resources */,
				F92183ED1E23AFB9002E1781 /* LaunchScreen.storyboard in Resources */,
				F9337C431E6811D5002134C2 /* LICENSE in Resources */,
				F96D1F861E5463AC00BDB2CE /* BxInputSelectorPicturesCell.xib in Resources */,
				F96D1F931E5463AC00BDB2CE /* BxInputChildSelectorTextCell.xib in Resources */,
				F933F5B81E7BD01200FB1E22 /* BxInputSelectorCell.xib in Resources */,
				F96D1F991E5463AC00BDB2CE /* BxInputSelectorVariantsCell.xib in Resources */,
				F92183EC1E23AFB9002E1781 /* Assets.xcassets in Resources */,
				F96D1F8F1E5463AC00BDB2CE /* BxInputSelectorSuggestionCell.xib in Resources */,
				F9E787371E52F6F800341996 /* BxInputTextFooterView.xib in Resources */,
				F96D1F7F1E5463AC00BDB2CE /* BxInputChildSelectorDateCell.xib in Resources */,
				F933F5BB1E7BD01200FB1E22 /* BxInputStandartTextCell.xib in Resources */,
				F9E787391E52F6F800341996 /* BxInputTextHeaderView.xib in Resources */,
				F96D1F9F1E54859300BDB2CE /* BxInputSwitchCell.xib in Resources */,
				F9847E781E279B60007C26EC /* Assets.xcassets in Resources */,
				F96D1F8B1E5463AC00BDB2CE /* BxInputRateCell.xib in Resources */,
				F9E787351E52F6F800341996 /* BxInputEmptyHeaderFooterView.xib in Resources */,
			);
			runOnlyForDeploymentPostprocessing = 0;
		};
/* End PBXResourcesBuildPhase section */

/* Begin PBXShellScriptBuildPhase section */
		0993AA811CF215586546F6BE /* [CP] Copy Pods Resources */ = {
			isa = PBXShellScriptBuildPhase;
			buildActionMask = 2147483647;
			files = (
			);
			inputPaths = (
			);
			name = "[CP] Copy Pods Resources";
			outputPaths = (
			);
			runOnlyForDeploymentPostprocessing = 0;
			shellPath = /bin/sh;
			shellScript = "\"${SRCROOT}/Pods/Target Support Files/Pods-BxInputController/Pods-BxInputController-resources.sh\"\n";
			showEnvVarsInLog = 0;
		};
		CBB2B0348D204C962169760F /* [CP] Embed Pods Frameworks */ = {
			isa = PBXShellScriptBuildPhase;
			buildActionMask = 2147483647;
			files = (
			);
			inputPaths = (
			);
			name = "[CP] Embed Pods Frameworks";
			outputPaths = (
			);
			runOnlyForDeploymentPostprocessing = 0;
			shellPath = /bin/sh;
			shellScript = "\"${SRCROOT}/Pods/Target Support Files/Pods-BxInputController/Pods-BxInputController-frameworks.sh\"\n";
			showEnvVarsInLog = 0;
		};
		DF58BA2CADF6F9D41CD58920 /* [CP] Check Pods Manifest.lock */ = {
			isa = PBXShellScriptBuildPhase;
			buildActionMask = 2147483647;
			files = (
			);
			inputPaths = (
			);
			name = "[CP] Check Pods Manifest.lock";
			outputPaths = (
			);
			runOnlyForDeploymentPostprocessing = 0;
			shellPath = /bin/sh;
			shellScript = "diff \"${PODS_ROOT}/../Podfile.lock\" \"${PODS_ROOT}/Manifest.lock\" > /dev/null\nif [ $? != 0 ] ; then\n    # print error to STDERR\n    echo \"error: The sandbox is not in sync with the Podfile.lock. Run 'pod install' or update your CocoaPods installation.\" >&2\n    exit 1\nfi\n";
			showEnvVarsInLog = 0;
		};
/* End PBXShellScriptBuildPhase section */

/* Begin PBXSourcesBuildPhase section */
		F92183BA1E23AA2D002E1781 /* Sources */ = {
			isa = PBXSourcesBuildPhase;
			buildActionMask = 2147483647;
			files = (
				F96D1F9E1E54859300BDB2CE /* BxInputSwitchCell.swift in Sources */,
				F933F5C21E7BDE3F00FB1E22 /* BxInputSelectorTextRowBinder.swift in Sources */,
				F9E787321E52F6F800341996 /* BxInputSectionStringHeader.swift in Sources */,
				F96D1F831E5463AC00BDB2CE /* BxInputPictureLibraryItem.swift in Sources */,
				F96D1F801E5463AC00BDB2CE /* BxInputSelectorPicturesRow.swift in Sources */,
				F9E786FF1E52F6F800341996 /* BxInputStaticHeight.swift in Sources */,
				F9E7870E1E52F6F800341996 /* UIImage.swift in Sources */,
				F96D1F8C1E5463AC00BDB2CE /* BxInputSelectorSuggestionsItemRow.swift in Sources */,
				F933F5BC1E7BD01200FB1E22 /* BxInputStandartTextRowBinder.swift in Sources */,
				F9E7870A1E52F6F800341996 /* BxInputController+UITableViewDelegate.swift in Sources */,
				F9E787091E52F6F800341996 /* BxInputController+UITableViewDataSource.swift in Sources */,
				F96D1F981E5463AC00BDB2CE /* BxInputSelectorVariantsCell.swift in Sources */,
				F9E787381E52F6F800341996 /* BxInputTextHeaderView.swift in Sources */,
				F933F5B71E7BD01200FB1E22 /* BxInputSelectorCell.swift in Sources */,
				F9E7870D1E52F6F800341996 /* Formatter.swift in Sources */,
				F9E7870B1E52F6F800341996 /* BxInputController.swift in Sources */,
				F92183DF1E23AB21002E1781 /* CommonController.swift in Sources */,
				F9FC0ED51E7C046800ECBDF0 /* BxInputRowBinder.swift in Sources */,
				F99D888F1E6DDE66003E591B /* BxInputChildSelectorTextRowBinder.swift in Sources */,
				F96D1F921E5463AC00BDB2CE /* BxInputChildSelectorTextCell.swift in Sources */,
				F90EE7A71E6DD752006A506C /* BxInputRateRowBinder.swift in Sources */,
				F96D1F791E5463AC00BDB2CE /* BxInputActionRow.swift in Sources */,
				F96D1F871E5463AC00BDB2CE /* BxInputSelectorPicturesLibraryDataSource.swift in Sources */,
				F96D1F851E5463AC00BDB2CE /* BxInputSelectorPicturesCell.swift in Sources */,
				F96D1F951E5463AC00BDB2CE /* BxInputVariants.swift in Sources */,
				F96D1F971E5463AC00BDB2CE /* BxInputVariantsRow.swift in Sources */,
				F96D1F941E5463AC00BDB2CE /* BxInputSelectorVariantsRow.swift in Sources */,
				F933F5BA1E7BD01200FB1E22 /* BxInputStandartTextCell.swift in Sources */,
				F96D1F811E5463AC00BDB2CE /* BxInputPictureImageItem.swift in Sources */,
				F9FF096E1E55FADB00A58FCE /* EnabledAllRowsController.swift in Sources */,
				F9E787071E52F6F800341996 /* BxInputController+InputAccessoryView.swift in Sources */,
				F96D1F961E5463AC00BDB2CE /* BxInputVariantsItem.swift in Sources */,
				F9E787301E52F6F800341996 /* BxInputSectionContent.swift in Sources */,
				F96D1F911E5463AC00BDB2CE /* BxInputTextRow.swift in Sources */,
				F9E787011E52F6F800341996 /* BxInputStringRow.swift in Sources */,
				F933F5C01E7BD97C00FB1E22 /* BxInputSelectorDateRowBinder.swift in Sources */,
				F96D1F7D1E5463AC00BDB2CE /* BxInputSelectorDateRow.swift in Sources */,
				F96D1F821E5463AC00BDB2CE /* BxInputPictureItem.swift in Sources */,
				F933F5B61E7BD01200FB1E22 /* BxInputChildSelectorRowBinder.swift in Sources */,
				F90EE7A91E6DD8C5006A506C /* BxInputChildSelectorDateRowBinder.swift in Sources */,
				F96D1F8E1E5463AC00BDB2CE /* BxInputSelectorSuggestionCell.swift in Sources */,
				F933F5AA1E7BC81300FB1E22 /* BxInputTextRowBinder.swift in Sources */,
				F9E787001E52F6F800341996 /* BxInputString.swift in Sources */,
				F9847E741E279815007C26EC /* SelectionController.swift in Sources */,
				F9E787341E52F6F800341996 /* BxInputEmptyHeaderFooterView.swift in Sources */,
				F96D1F7B1E5463AC00BDB2CE /* BxInputSwitchRow.swift in Sources */,
				F9E7873A1E52F6F800341996 /* BxInputBaseHeaderFooterView.swift in Sources */,
				F933F5A81E7BC1E000FB1E22 /* BxInputDateRowBinder.swift in Sources */,
				F9E7873C1E53340C00341996 /* BxInputUtils.swift in Sources */,
				F99D88911E6DDFF0003E591B /* BxInputSelectorPicturesRowBinder.swift in Sources */,
				F96D1F781E5463AC00BDB2CE /* BxInputActionCustomRow.swift in Sources */,
				F99D888B1E6DDB2A003E591B /* BxInputSelectorSuggestionRowBinder.swift in Sources */,
				F96D1F9B1E54753C00BDB2CE /* SimpleAllRowsController.swift in Sources */,
				F96D1F7A1E5463AC00BDB2CE /* BxInputCheckRow.swift in Sources */,
				F92183DE1E23AB21002E1781 /* AppDelegate.swift in Sources */,
				F933F5AC1E7BCB3000FB1E22 /* BxInputVariantsRowBinder.swift in Sources */,
				F96D1F7E1E5463AC00BDB2CE /* BxInputChildSelectorDateCell.swift in Sources */,
				F96D1F8A1E5463AC00BDB2CE /* BxInputRateCell.swift in Sources */,
				F9E787331E52F6F800341996 /* BxInputSectionView.swift in Sources */,
				F9E787081E52F6F800341996 /* BxInputController+Keyboard.swift in Sources */,
				F96D1F881E5463AC00BDB2CE /* BxInputSelectorPictureView.swift in Sources */,
				F9E787311E52F6F800341996 /* BxInputSectionStringFooter.swift in Sources */,
				F9E7870C1E52F6F800341996 /* BxInputSettings.swift in Sources */,
				F9E7872F1E52F6F800341996 /* BxInputSection.swift in Sources */,
				F933F5A41E7BB77A00FB1E22 /* BxInputActionCustomRowBinder.swift in Sources */,
				F9E787361E52F6F800341996 /* BxInputTextFooterView.swift in Sources */,
				F96D1F7C1E5463AC00BDB2CE /* BxInputDateRow.swift in Sources */,
				F993083C1E430C9A00EDA3BD /* ReviewController.swift in Sources */,
				F99D888D1E6DDCA0003E591B /* BxInputSelectorVariantsRowBinder.swift in Sources */,
				F9E786FE1E52F6F800341996 /* BxInputSelectorRow.swift in Sources */,
				F9E786FD1E52F6F800341996 /* BxInputRow.swift in Sources */,
				F933F5A61E7BBFD400FB1E22 /* BxInputCheckRowBinder.swift in Sources */,
				F96D1F901E5463AC00BDB2CE /* BxInputSelectorTextRow.swift in Sources */,
				F96D1F841E5463AC00BDB2CE /* BxInputPictureCollectionCell.swift in Sources */,
				F933F5B91E7BD01200FB1E22 /* BxInputSelectorRowBinder.swift in Sources */,
				F96D1F8D1E5463AC00BDB2CE /* BxInputSelectorSuggestionsRow.swift in Sources */,
				F96D1F891E5463AC00BDB2CE /* BxInputRateRow.swift in Sources */,
				F90EE7A11E6DCCC3006A506C /* BxInputSwitchRowBinder.swift in Sources */,
			);
			runOnlyForDeploymentPostprocessing = 0;
		};
/* End PBXSourcesBuildPhase section */

/* Begin PBXVariantGroup section */
		F92183E71E23AFB9002E1781 /* LaunchScreen.storyboard */ = {
			isa = PBXVariantGroup;
			children = (
				F92183E81E23AFB9002E1781 /* Base */,
			);
			name = LaunchScreen.storyboard;
			sourceTree = "<group>";
		};
		F92183E91E23AFB9002E1781 /* Main.storyboard */ = {
			isa = PBXVariantGroup;
			children = (
				F92183EA1E23AFB9002E1781 /* Base */,
			);
			name = Main.storyboard;
			sourceTree = "<group>";
		};
/* End PBXVariantGroup section */

/* Begin XCBuildConfiguration section */
		F92183CE1E23AA2D002E1781 /* Debug */ = {
			isa = XCBuildConfiguration;
			buildSettings = {
				ALWAYS_SEARCH_USER_PATHS = NO;
				CLANG_ANALYZER_NONNULL = YES;
				CLANG_CXX_LANGUAGE_STANDARD = "gnu++0x";
				CLANG_CXX_LIBRARY = "libc++";
				CLANG_ENABLE_MODULES = YES;
				CLANG_ENABLE_OBJC_ARC = YES;
				CLANG_WARN_BOOL_CONVERSION = YES;
				CLANG_WARN_CONSTANT_CONVERSION = YES;
				CLANG_WARN_DIRECT_OBJC_ISA_USAGE = YES_ERROR;
				CLANG_WARN_DOCUMENTATION_COMMENTS = YES;
				CLANG_WARN_EMPTY_BODY = YES;
				CLANG_WARN_ENUM_CONVERSION = YES;
				CLANG_WARN_INFINITE_RECURSION = YES;
				CLANG_WARN_INT_CONVERSION = YES;
				CLANG_WARN_OBJC_ROOT_CLASS = YES_ERROR;
				CLANG_WARN_SUSPICIOUS_MOVE = YES;
				CLANG_WARN_UNREACHABLE_CODE = YES;
				CLANG_WARN__DUPLICATE_METHOD_MATCH = YES;
				"CODE_SIGN_IDENTITY[sdk=iphoneos*]" = "iPhone Developer";
				COPY_PHASE_STRIP = NO;
				DEBUG_INFORMATION_FORMAT = dwarf;
				ENABLE_STRICT_OBJC_MSGSEND = YES;
				ENABLE_TESTABILITY = YES;
				GCC_C_LANGUAGE_STANDARD = gnu99;
				GCC_DYNAMIC_NO_PIC = NO;
				GCC_NO_COMMON_BLOCKS = YES;
				GCC_OPTIMIZATION_LEVEL = 0;
				GCC_PREPROCESSOR_DEFINITIONS = (
					"DEBUG=1",
					"$(inherited)",
				);
				GCC_WARN_64_TO_32_BIT_CONVERSION = YES;
				GCC_WARN_ABOUT_RETURN_TYPE = YES_ERROR;
				GCC_WARN_UNDECLARED_SELECTOR = YES;
				GCC_WARN_UNINITIALIZED_AUTOS = YES_AGGRESSIVE;
				GCC_WARN_UNUSED_FUNCTION = YES;
				GCC_WARN_UNUSED_VARIABLE = YES;
				IPHONEOS_DEPLOYMENT_TARGET = 8.0;
				MTL_ENABLE_DEBUG_INFO = YES;
				ONLY_ACTIVE_ARCH = YES;
				SDKROOT = iphoneos;
				SWIFT_ACTIVE_COMPILATION_CONDITIONS = DEBUG;
				SWIFT_OPTIMIZATION_LEVEL = "-Onone";
			};
			name = Debug;
		};
		F92183CF1E23AA2D002E1781 /* Release */ = {
			isa = XCBuildConfiguration;
			buildSettings = {
				ALWAYS_SEARCH_USER_PATHS = NO;
				CLANG_ANALYZER_NONNULL = YES;
				CLANG_CXX_LANGUAGE_STANDARD = "gnu++0x";
				CLANG_CXX_LIBRARY = "libc++";
				CLANG_ENABLE_MODULES = YES;
				CLANG_ENABLE_OBJC_ARC = YES;
				CLANG_WARN_BOOL_CONVERSION = YES;
				CLANG_WARN_CONSTANT_CONVERSION = YES;
				CLANG_WARN_DIRECT_OBJC_ISA_USAGE = YES_ERROR;
				CLANG_WARN_DOCUMENTATION_COMMENTS = YES;
				CLANG_WARN_EMPTY_BODY = YES;
				CLANG_WARN_ENUM_CONVERSION = YES;
				CLANG_WARN_INFINITE_RECURSION = YES;
				CLANG_WARN_INT_CONVERSION = YES;
				CLANG_WARN_OBJC_ROOT_CLASS = YES_ERROR;
				CLANG_WARN_SUSPICIOUS_MOVE = YES;
				CLANG_WARN_UNREACHABLE_CODE = YES;
				CLANG_WARN__DUPLICATE_METHOD_MATCH = YES;
				"CODE_SIGN_IDENTITY[sdk=iphoneos*]" = "iPhone Developer";
				COPY_PHASE_STRIP = NO;
				DEBUG_INFORMATION_FORMAT = "dwarf-with-dsym";
				ENABLE_NS_ASSERTIONS = NO;
				ENABLE_STRICT_OBJC_MSGSEND = YES;
				GCC_C_LANGUAGE_STANDARD = gnu99;
				GCC_NO_COMMON_BLOCKS = YES;
				GCC_WARN_64_TO_32_BIT_CONVERSION = YES;
				GCC_WARN_ABOUT_RETURN_TYPE = YES_ERROR;
				GCC_WARN_UNDECLARED_SELECTOR = YES;
				GCC_WARN_UNINITIALIZED_AUTOS = YES_AGGRESSIVE;
				GCC_WARN_UNUSED_FUNCTION = YES;
				GCC_WARN_UNUSED_VARIABLE = YES;
				IPHONEOS_DEPLOYMENT_TARGET = 8.0;
				MTL_ENABLE_DEBUG_INFO = NO;
				SDKROOT = iphoneos;
				SWIFT_OPTIMIZATION_LEVEL = "-Owholemodule";
				VALIDATE_PRODUCT = YES;
			};
			name = Release;
		};
		F92183D11E23AA2D002E1781 /* Debug */ = {
			isa = XCBuildConfiguration;
			baseConfigurationReference = 426287E844423C4C137BCD01 /* Pods-BxInputController.debug.xcconfig */;
			buildSettings = {
				ASSETCATALOG_COMPILER_APPICON_NAME = AppIcon;
				DEVELOPMENT_TEAM = FDK83T8QNS;
				INFOPLIST_FILE = BxInputController/Example/Resources/Info.plist;
				LD_RUNPATH_SEARCH_PATHS = "$(inherited) @executable_path/Frameworks";
				PRODUCT_BUNDLE_IDENTIFIER = com.byterix.BxInputController;
				PRODUCT_NAME = "$(TARGET_NAME)";
				SWIFT_VERSION = 3.0;
			};
			name = Debug;
		};
		F92183D21E23AA2D002E1781 /* Release */ = {
			isa = XCBuildConfiguration;
			baseConfigurationReference = A529CAF1FC63502159F31EBF /* Pods-BxInputController.release.xcconfig */;
			buildSettings = {
				ASSETCATALOG_COMPILER_APPICON_NAME = AppIcon;
				DEVELOPMENT_TEAM = FDK83T8QNS;
				INFOPLIST_FILE = BxInputController/Example/Resources/Info.plist;
				LD_RUNPATH_SEARCH_PATHS = "$(inherited) @executable_path/Frameworks";
				PRODUCT_BUNDLE_IDENTIFIER = com.byterix.BxInputController;
				PRODUCT_NAME = "$(TARGET_NAME)";
				SWIFT_VERSION = 3.0;
			};
			name = Release;
		};
/* End XCBuildConfiguration section */

/* Begin XCConfigurationList section */
		F92183B91E23AA2D002E1781 /* Build configuration list for PBXProject "BxInputController" */ = {
			isa = XCConfigurationList;
			buildConfigurations = (
				F92183CE1E23AA2D002E1781 /* Debug */,
				F92183CF1E23AA2D002E1781 /* Release */,
			);
			defaultConfigurationIsVisible = 0;
			defaultConfigurationName = Release;
		};
		F92183D01E23AA2D002E1781 /* Build configuration list for PBXNativeTarget "BxInputController" */ = {
			isa = XCConfigurationList;
			buildConfigurations = (
				F92183D11E23AA2D002E1781 /* Debug */,
				F92183D21E23AA2D002E1781 /* Release */,
			);
			defaultConfigurationIsVisible = 0;
			defaultConfigurationName = Release;
		};
/* End XCConfigurationList section */
	};
	rootObject = F92183B61E23AA2D002E1781 /* Project object */;
}
